
Microsoft Visual Studio Solution File, Format Version 12.00
# Visual Studio Version 17
VisualStudioVersion = 17.0.31903.59
MinimumVisualStudioVersion = 10.0.40219.1
Project("{FAE04EC0-301F-11D3-BF4B-00C04F79EFBC}") = "API", "API\API.csproj", "{4BE935E3-DF03-435C-9AD1-DD2A90A0F7CC}"
EndProject
Project("{FAE04EC0-301F-11D3-BF4B-00C04F79EFBC}") = "Application", "Application\Application.csproj", "{78DC54F9-0F4D-4B16-A1D8-F61125FA6364}"
EndProject
Project("{FAE04EC0-301F-11D3-BF4B-00C04F79EFBC}") = "Domain", "Domain\Domain.csproj", "{2DADC3D0-27FB-4F5E-B11B-E5C8D2D9BE3F}"
EndProject
Project("{FAE04EC0-301F-11D3-BF4B-00C04F79EFBC}") = "Persistence", "Persistence\Persistence.csproj", "{F781BAE7-632C-4370-87A9-AD145F29F31F}"
EndProject
Global
	GlobalSection(SolutionConfigurationPlatforms) = preSolution
		Debug|Any CPU = Debug|Any CPU
		Release|Any CPU = Release|Any CPU
	EndGlobalSection
	GlobalSection(SolutionProperties) = preSolution
		HideSolutionNode = FALSE
	EndGlobalSection
	GlobalSection(ProjectConfigurationPlatforms) = postSolution
		{4BE935E3-DF03-435C-9AD1-DD2A90A0F7CC}.Debug|Any CPU.ActiveCfg = Debug|Any CPU
		{4BE935E3-DF03-435C-9AD1-DD2A90A0F7CC}.Debug|Any CPU.Build.0 = Debug|Any CPU
		{4BE935E3-DF03-435C-9AD1-DD2A90A0F7CC}.Release|Any CPU.ActiveCfg = Release|Any CPU
		{4BE935E3-DF03-435C-9AD1-DD2A90A0F7CC}.Release|Any CPU.Build.0 = Release|Any CPU
		{78DC54F9-0F4D-4B16-A1D8-F61125FA6364}.Debug|Any CPU.ActiveCfg = Debug|Any CPU
		{78DC54F9-0F4D-4B16-A1D8-F61125FA6364}.Debug|Any CPU.Build.0 = Debug|Any CPU
		{78DC54F9-0F4D-4B16-A1D8-F61125FA6364}.Release|Any CPU.ActiveCfg = Release|Any CPU
		{78DC54F9-0F4D-4B16-A1D8-F61125FA6364}.Release|Any CPU.Build.0 = Release|Any CPU
		{2DADC3D0-27FB-4F5E-B11B-E5C8D2D9BE3F}.Debug|Any CPU.ActiveCfg = Debug|Any CPU
		{2DADC3D0-27FB-4F5E-B11B-E5C8D2D9BE3F}.Debug|Any CPU.Build.0 = Debug|Any CPU
		{2DADC3D0-27FB-4F5E-B11B-E5C8D2D9BE3F}.Release|Any CPU.ActiveCfg = Release|Any CPU
		{2DADC3D0-27FB-4F5E-B11B-E5C8D2D9BE3F}.Release|Any CPU.Build.0 = Release|Any CPU
		{F781BAE7-632C-4370-87A9-AD145F29F31F}.Debug|Any CPU.ActiveCfg = Debug|Any CPU
		{F781BAE7-632C-4370-87A9-AD145F29F31F}.Debug|Any CPU.Build.0 = Debug|Any CPU
		{F781BAE7-632C-4370-87A9-AD145F29F31F}.Release|Any CPU.ActiveCfg = Release|Any CPU
		{F781BAE7-632C-4370-87A9-AD145F29F31F}.Release|Any CPU.Build.0 = Release|Any CPU
	EndGlobalSection
EndGlobal
